
Microsoft Visual Studio Solution File, Format Version 12.00
# Visual Studio Version 16
VisualStudioVersion = 16.0.34931.43
MinimumVisualStudioVersion = 10.0.40219.1
Project("{FAE04EC0-301F-11D3-BF4B-00C04F79EFBC}") = "ConsoleApp9", "ConsoleApp9.csproj", "{956B0E0F-B246-43E3-853D-6A29FB974B7C}"
EndProject
Global
	GlobalSection(SolutionConfigurationPlatforms) = preSolution
		Debug|Any CPU = Debug|Any CPU
		Release|Any CPU = Release|Any CPU
	EndGlobalSection
	GlobalSection(ProjectConfigurationPlatforms) = postSolution
		{956B0E0F-B246-43E3-853D-6A29FB974B7C}.Debug|Any CPU.ActiveCfg = Debug|Any CPU
		{956B0E0F-B246-43E3-853D-6A29FB974B7C}.Debug|Any CPU.Build.0 = Debug|Any CPU
		{956B0E0F-B246-43E3-853D-6A29FB974B7C}.Release|Any CPU.ActiveCfg = Release|Any CPU
		{956B0E0F-B246-43E3-853D-6A29FB974B7C}.Release|Any CPU.Build.0 = Release|Any CPU
	EndGlobalSection
	GlobalSection(SolutionProperties) = preSolution
		HideSolutionNode = FALSE
	EndGlobalSection
	GlobalSection(ExtensibilityGlobals) = postSolution
		SolutionGuid = {30CFC1B4-2C02-48B6-8F6E-D57328BE2A04}
	EndGlobalSection
EndGlobal
